
Microsoft Visual Studio Solution File, Format Version 12.00
# Visual Studio Version 16
VisualStudioVersion = 16.0.31702.278
MinimumVisualStudioVersion = 10.0.40219.1
Project("{9A19103F-16F7-4668-BE54-9A1E7A4F7556}") = "CompanyEmployees", "CompanyEmployees\CompanyEmployees.csproj", "{1F7C57A2-B791-483B-947C-1138AB4EE2BD}"
EndProject
Project("{9A19103F-16F7-4668-BE54-9A1E7A4F7556}") = "Contracts", "Contracts\Contracts.csproj", "{D5DB7865-FE34-4265-8FA2-889D1D4D2457}"
EndProject
Project("{9A19103F-16F7-4668-BE54-9A1E7A4F7556}") = "LoggerService", "LoggerService\LoggerService.csproj", "{A6317D32-1570-44F5-B80E-8E9072A79464}"
EndProject
Project("{9A19103F-16F7-4668-BE54-9A1E7A4F7556}") = "Entities", "Entities\Entities.csproj", "{D5774C25-C8DF-45E9-8F7E-29F0195A8CA0}"
EndProject
Project("{9A19103F-16F7-4668-BE54-9A1E7A4F7556}") = "Repository", "Repository\Repository.csproj", "{2214616C-2C0A-4AC3-A131-EDD48F73F9C2}"
EndProject
Global
	GlobalSection(SolutionConfigurationPlatforms) = preSolution
		Debug|Any CPU = Debug|Any CPU
		Release|Any CPU = Release|Any CPU
	EndGlobalSection
	GlobalSection(ProjectConfigurationPlatforms) = postSolution
		{1F7C57A2-B791-483B-947C-1138AB4EE2BD}.Debug|Any CPU.ActiveCfg = Debug|Any CPU
		{1F7C57A2-B791-483B-947C-1138AB4EE2BD}.Debug|Any CPU.Build.0 = Debug|Any CPU
		{1F7C57A2-B791-483B-947C-1138AB4EE2BD}.Release|Any CPU.ActiveCfg = Release|Any CPU
		{1F7C57A2-B791-483B-947C-1138AB4EE2BD}.Release|Any CPU.Build.0 = Release|Any CPU
		{D5DB7865-FE34-4265-8FA2-889D1D4D2457}.Debug|Any CPU.ActiveCfg = Debug|Any CPU
		{D5DB7865-FE34-4265-8FA2-889D1D4D2457}.Debug|Any CPU.Build.0 = Debug|Any CPU
		{D5DB7865-FE34-4265-8FA2-889D1D4D2457}.Release|Any CPU.ActiveCfg = Release|Any CPU
		{D5DB7865-FE34-4265-8FA2-889D1D4D2457}.Release|Any CPU.Build.0 = Release|Any CPU
		{A6317D32-1570-44F5-B80E-8E9072A79464}.Debug|Any CPU.ActiveCfg = Debug|Any CPU
		{A6317D32-1570-44F5-B80E-8E9072A79464}.Debug|Any CPU.Build.0 = Debug|Any CPU
		{A6317D32-1570-44F5-B80E-8E9072A79464}.Release|Any CPU.ActiveCfg = Release|Any CPU
		{A6317D32-1570-44F5-B80E-8E9072A79464}.Release|Any CPU.Build.0 = Release|Any CPU
		{D5774C25-C8DF-45E9-8F7E-29F0195A8CA0}.Debug|Any CPU.ActiveCfg = Debug|Any CPU
		{D5774C25-C8DF-45E9-8F7E-29F0195A8CA0}.Debug|Any CPU.Build.0 = Debug|Any CPU
		{D5774C25-C8DF-45E9-8F7E-29F0195A8CA0}.Release|Any CPU.ActiveCfg = Release|Any CPU
		{D5774C25-C8DF-45E9-8F7E-29F0195A8CA0}.Release|Any CPU.Build.0 = Release|Any CPU
		{2214616C-2C0A-4AC3-A131-EDD48F73F9C2}.Debug|Any CPU.ActiveCfg = Debug|Any CPU
		{2214616C-2C0A-4AC3-A131-EDD48F73F9C2}.Debug|Any CPU.Build.0 = Debug|Any CPU
		{2214616C-2C0A-4AC3-A131-EDD48F73F9C2}.Release|Any CPU.ActiveCfg = Release|Any CPU
		{2214616C-2C0A-4AC3-A131-EDD48F73F9C2}.Release|Any CPU.Build.0 = Release|Any CPU
	EndGlobalSection
	GlobalSection(SolutionProperties) = preSolution
		HideSolutionNode = FALSE
	EndGlobalSection
	GlobalSection(ExtensibilityGlobals) = postSolution
		SolutionGuid = {A3F80785-4305-4368-ABFA-16C2DBCF3C08}
	EndGlobalSection
EndGlobal
